{
  "version": "3",
  "packages": {
    "specifiers": {
      "jsr:@fedify/fedify@^0.10.0": "jsr:@fedify/fedify@0.10.0",
      "jsr:@logtape/logtape@^0.4.0": "jsr:@logtape/logtape@0.4.0",
      "jsr:@std/bytes@^1.0.0": "jsr:@std/bytes@1.0.0",
      "jsr:@std/encoding@^0.224.3": "jsr:@std/encoding@0.224.3",
      "jsr:@std/http@^0.224.4": "jsr:@std/http@0.224.5",
      "jsr:@std/semver@^0.224.3": "jsr:@std/semver@0.224.3",
      "npm:@fedify/fedify": "npm:@fedify/fedify@0.9.0",
      "npm:@hono/node-server": "npm:@hono/node-server@1.11.2",
      "npm:@phensley/language-tag@^1.8.0": "npm:@phensley/language-tag@1.8.1",
      "npm:@phensley/language-tag@^1.8.1": "npm:@phensley/language-tag@1.8.1",
      "npm:@types/node": "npm:@types/node@18.16.19",
      "npm:asn1js@^3.0.5": "npm:asn1js@3.0.5",
      "npm:hono": "npm:hono@4.4.5",
      "npm:json-canon@^1.0.1": "npm:json-canon@1.0.1",
      "npm:jsonld@^8.3.2": "npm:jsonld@8.3.2",
      "npm:mongodb": "npm:mongodb@6.7.0",
      "npm:mongodb@6.1.0": "npm:mongodb@6.1.0",
      "npm:multibase@^4.0.6": "npm:multibase@4.0.6",
      "npm:multicodec@^3.2.1": "npm:multicodec@3.2.1",
      "npm:pkijs@^3.1.0": "npm:pkijs@3.1.0",
      "npm:uri-template-router@^0.0.16": "npm:uri-template-router@0.0.16",
      "npm:url-template@^3.1.1": "npm:url-template@3.1.1"
    },
    "jsr": {
      "@fedify/fedify@0.10.0": {
        "integrity": "32b9a4ae0d1bcf9c1daf7f45c7209f6b48e470616769ce753599b8a5f32f3053",
        "dependencies": [
          "jsr:@std/bytes@^1.0.0",
          "jsr:@std/encoding@^0.224.3",
          "jsr:@std/http@^0.224.4",
          "jsr:@std/semver@^0.224.3",
          "npm:@phensley/language-tag@^1.8.1",
          "npm:asn1js@^3.0.5",
          "npm:json-canon@^1.0.1",
          "npm:jsonld@^8.3.2",
          "npm:multibase@^4.0.6",
          "npm:multicodec@^3.2.1",
          "npm:pkijs@^3.1.0",
          "npm:uri-template-router@^0.0.16",
          "npm:url-template@^3.1.1"
        ]
      },
      "@logtape/logtape@0.4.0": {
        "integrity": "02bd3f7e408b34834e30795656c343637f62be529728b382fcbd51a00b4b6d7f"
      },
      "@std/bytes@1.0.0": {
        "integrity": "9392e72af80adccaa1197912fa19990ed091cb98d5c9c4344b0c301b22d7c632"
      },
      "@std/encoding@0.224.3": {
        "integrity": "5e861b6d81be5359fad4155e591acf17c0207b595112d1840998bb9f476dbdaf"
      },
      "@std/http@0.224.5": {
        "integrity": "b03b5d1529f6c423badfb82f6640f9f2557b4034cd7c30655ba5bb447ff750a4"
      },
      "@std/semver@0.224.3": {
        "integrity": "7bb34b5ad46de2c0c73de0ca3e30081ef64b4361f66abd57c84ff1011c6a1233"
      }
    },
    "npm": {
      "@deno/shim-crypto@0.3.1": {
        "integrity": "sha512-ed4pNnfur6UbASEgF34gVxR9p7Mc3qF+Ygbmjiil8ws5IhNFhPDFy5vE5hQAUA9JmVsSxXPcVLM5Rf8LOZqQ5Q==",
        "dependencies": {}
      },
      "@deno/shim-deno-test@0.5.0": {
        "integrity": "sha512-4nMhecpGlPi0cSzT67L+Tm+GOJqvuk8gqHBziqcUQOarnuIax1z96/gJHCSIz2Z0zhxE6Rzwb3IZXPtFh51j+w==",
        "dependencies": {}
      },
      "@deno/shim-deno@0.18.2": {
        "integrity": "sha512-oQ0CVmOio63wlhwQF75zA4ioolPvOwAoK0yuzcS5bDC1JUvH3y1GS8xPh8EOpcoDQRU4FTG8OQfxhpR+c6DrzA==",
        "dependencies": {
          "@deno/shim-deno-test": "@deno/shim-deno-test@0.5.0",
          "which": "which@4.0.0"
        }
      },
      "@digitalbazaar/http-client@3.4.1_ky@0.33.3": {
        "integrity": "sha512-Ahk1N+s7urkgj7WvvUND5f8GiWEPfUw0D41hdElaqLgu8wZScI8gdI0q+qWw5N1d35x7GCRH2uk9mi+Uzo9M3g==",
        "dependencies": {
          "ky": "ky@0.33.3",
          "ky-universal": "ky-universal@0.11.0_ky@0.33.3",
          "undici": "undici@5.28.4"
        }
      },
      "@fastify/busboy@2.1.1": {
        "integrity": "sha512-vBZP4NlzfOlerQTnba4aqZoMhE/a9HY7HRqoOPaETQcSQuWEIyZMHGfVu6w9wGtGK5fED5qRs2DteVCjOH60sA==",
        "dependencies": {}
      },
      "@fedify/fedify@0.9.0": {
        "integrity": "sha512-PHX/pnd6v7Nx1wBDNHj9sbsXcj8Q0ZPk0Xpt7sSGZYcXx+bNEyf2p2it9IWF7JwsyXN69QeDFWkQs0shmIrEDA==",
        "dependencies": {
          "@deno/shim-crypto": "@deno/shim-crypto@0.3.1",
          "@deno/shim-deno": "@deno/shim-deno@0.18.2",
          "@js-temporal/polyfill": "@js-temporal/polyfill@0.4.4",
          "@logtape/logtape": "@logtape/logtape@0.4.0",
          "@phensley/language-tag": "@phensley/language-tag@1.8.1",
          "jsonld": "jsonld@8.3.2",
          "uri-template-router": "uri-template-router@0.0.16",
          "url-template": "url-template@3.1.1",
          "urlpattern-polyfill": "urlpattern-polyfill@10.0.0"
        }
      },
      "@hono/node-server@1.11.2": {
        "integrity": "sha512-JhX0nUC66GeDxpIdMKWDRMEwtQBa64CY907iAF1sYqb4m2p2PdSU7zkbnNhAZLg/6IjSlTuj6CF307JlBXVvpg==",
        "dependencies": {}
      },
      "@js-temporal/polyfill@0.4.4": {
        "integrity": "sha512-2X6bvghJ/JAoZO52lbgyAPFj8uCflhTo2g7nkFzEQdXd/D8rEeD4HtmTEpmtGCva260fcd66YNXBOYdnmHqSOg==",
        "dependencies": {
          "jsbi": "jsbi@4.3.0",
          "tslib": "tslib@2.6.3"
        }
      },
      "@logtape/logtape@0.4.0": {
        "integrity": "sha512-9T65HMtVoOE/2oyYaZII8gQ7Svw+PeGHnuBXZgiS6WDITGpunZ7cu9HHle1JSgwygYB/LdUwC9EN67Lhejd6Bg==",
        "dependencies": {}
      },
      "@mongodb-js/saslprep@1.1.7": {
        "integrity": "sha512-dCHW/oEX0KJ4NjDULBo3JiOaK5+6axtpBbS+ao2ZInoAL9/YRQLhXzSNAFz7hP4nzLkIqsfYAK/PDE3+XHny0Q==",
        "dependencies": {
          "sparse-bitfield": "sparse-bitfield@3.0.3"
        }
      },
      "@multiformats/base-x@4.0.1": {
        "integrity": "sha512-eMk0b9ReBbV23xXU693TAIrLyeO5iTgBZGSJfpqriG8UkYvr/hC9u9pyMlAakDNHWmbhMZCDs6KQO0jzKD8OTw==",
        "dependencies": {}
      },
      "@phensley/language-tag@1.8.1": {
        "integrity": "sha512-Jz5P1/AgGQU4ttK8FXg0M7zyZdFHl8iIfi+PXJErrDu6NFalm6W4avbT0kJcvi7bp+j4DhKL4UfV34Vwl2dv7w==",
        "dependencies": {
          "tslib": "tslib@2.6.3"
        }
      },
      "@types/node@18.16.19": {
        "integrity": "sha512-IXl7o+R9iti9eBW4Wg2hx1xQDig183jj7YLn8F7udNceyfkbn1ZxmzZXuak20gR40D7pIkIY1kYGx5VIGbaHKA==",
        "dependencies": {}
      },
      "@types/webidl-conversions@7.0.3": {
        "integrity": "sha512-CiJJvcRtIgzadHCYXw7dqEnMNRjhGZlYK05Mj9OyktqV8uVT8fD2BFOB7S1uwBE3Kj2Z+4UyPmFw/Ixgw/LAlA==",
        "dependencies": {}
      },
      "@types/whatwg-url@11.0.5": {
        "integrity": "sha512-coYR071JRaHa+xoEvvYqvnIHaVqaYrLPbsufM9BF63HkwI5Lgmy2QR8Q5K/lYDYo5AK82wOvSOS0UsLTpTG7uQ==",
        "dependencies": {
          "@types/webidl-conversions": "@types/webidl-conversions@7.0.3"
        }
      },
      "@types/whatwg-url@8.2.2": {
        "integrity": "sha512-FtQu10RWgn3D9U4aazdwIE2yzphmTJREDqNdODHrbrZmmMqI0vMheC/6NE/J1Yveaj8H+ela+YwWTjq5PGmuhA==",
        "dependencies": {
          "@types/node": "@types/node@18.16.19",
          "@types/webidl-conversions": "@types/webidl-conversions@7.0.3"
        }
      },
      "abort-controller@3.0.0": {
        "integrity": "sha512-h8lQ8tacZYnR3vNQTgibj+tODHI5/+l06Au2Pcriv/Gmet0eaj4TwWH41sO9wnHDiQsEj19q0drzdWdeAHtweg==",
        "dependencies": {
          "event-target-shim": "event-target-shim@5.0.1"
        }
      },
      "asn1js@3.0.5": {
        "integrity": "sha512-FVnvrKJwpt9LP2lAMl8qZswRNm3T4q9CON+bxldk2iwk3FFpuwhx2FfinyitizWHsVYyaY+y5JzDR0rCMV5yTQ==",
        "dependencies": {
          "pvtsutils": "pvtsutils@1.3.5",
          "pvutils": "pvutils@1.1.3",
          "tslib": "tslib@2.6.3"
        }
      },
      "bson@6.7.0": {
        "integrity": "sha512-w2IquM5mYzYZv6rs3uN2DZTOBe2a0zXLj53TGDqwF4l6Sz/XsISrisXOJihArF9+BZ6Cq/GjVht7Sjfmri7ytQ==",
        "dependencies": {}
      },
      "bytestreamjs@2.0.1": {
        "integrity": "sha512-U1Z/ob71V/bXfVABvNr/Kumf5VyeQRBEm6Txb0PQ6S7V5GpBM3w4Cbqz/xPDicR5tN0uvDifng8C+5qECeGwyQ==",
        "dependencies": {}
      },
      "canonicalize@1.0.8": {
        "integrity": "sha512-0CNTVCLZggSh7bc5VkX5WWPWO+cyZbNd07IHIsSXLia/eAq+r836hgk+8BKoEh7949Mda87VUOitx5OddVj64A==",
        "dependencies": {}
      },
      "data-uri-to-buffer@4.0.1": {
        "integrity": "sha512-0R9ikRb668HB7QDxT1vkpuUBtqc53YyAwMwGeUFKRojY/NWKvdZ+9UYtRfGmhqNbRkTSVpMbmyhXipFFv2cb/A==",
        "dependencies": {}
      },
      "event-target-shim@5.0.1": {
        "integrity": "sha512-i/2XbnSz/uxRCU6+NdVJgKWDTM427+MqYbkQzD321DuCQJUqOuJKIA0IM2+W2xtYHdKOmZ4dR6fExsd4SXL+WQ==",
        "dependencies": {}
      },
      "fetch-blob@3.2.0": {
        "integrity": "sha512-7yAQpD2UMJzLi1Dqv7qFYnPbaPx7ZfFK6PiIxQ4PfkGPyNyl2Ugx+a/umUonmKqjhM4DnfbMvdX6otXq83soQQ==",
        "dependencies": {
          "node-domexception": "node-domexception@1.0.0",
          "web-streams-polyfill": "web-streams-polyfill@3.3.3"
        }
      },
      "formdata-polyfill@4.0.10": {
        "integrity": "sha512-buewHzMvYL29jdeQTVILecSaZKnt/RJWjoZCF5OW60Z67/GmSLBkOFM7qh1PI3zFNtJbaZL5eQu1vLfazOwj4g==",
        "dependencies": {
          "fetch-blob": "fetch-blob@3.2.0"
        }
      },
      "hono@4.4.5": {
        "integrity": "sha512-hyf+1c+gTEo0+xjdYT2e8y4M3HcEy0ARuRZHPRgeRhq/mupkI4j9/qEWVKsyj0se4KhfRnYrld4Tk6z/9veq/Q==",
        "dependencies": {}
      },
      "isexe@3.1.1": {
        "integrity": "sha512-LpB/54B+/2J5hqQ7imZHfdU31OlgQqx7ZicVlkm9kzg9/w8GKLEcFfJl/t7DCEDueOyBAD6zCCwTO6Fzs0NoEQ==",
        "dependencies": {}
      },
      "jsbi@4.3.0": {
        "integrity": "sha512-SnZNcinB4RIcnEyZqFPdGPVgrg2AcnykiBy0sHVJQKHYeaLUvi3Exj+iaPpLnFVkDPZIV4U0yvgC9/R4uEAZ9g==",
        "dependencies": {}
      },
      "json-canon@1.0.1": {
        "integrity": "sha512-PQcj4PFOTAQxE8PgoQ4KrM0DcKWZd7S3ELOON8rmysl9I8JuFMgxu1H9v+oZsTPjjkpeS3IHPwLjr7d+gKygnw==",
        "dependencies": {}
      },
      "jsonld@8.3.2": {
        "integrity": "sha512-MwBbq95szLwt8eVQ1Bcfwmgju/Y5P2GdtlHE2ncyfuYjIdEhluUVyj1eudacf1mOkWIoS9GpDBTECqhmq7EOaA==",
        "dependencies": {
          "@digitalbazaar/http-client": "@digitalbazaar/http-client@3.4.1_ky@0.33.3",
          "canonicalize": "canonicalize@1.0.8",
          "lru-cache": "lru-cache@6.0.0",
          "rdf-canonize": "rdf-canonize@3.4.0"
        }
      },
      "ky-universal@0.11.0_ky@0.33.3": {
        "integrity": "sha512-65KyweaWvk+uKKkCrfAf+xqN2/epw1IJDtlyCPxYffFCMR8u1sp2U65NtWpnozYfZxQ6IUzIlvUcw+hQ82U2Xw==",
        "dependencies": {
          "abort-controller": "abort-controller@3.0.0",
          "ky": "ky@0.33.3",
          "node-fetch": "node-fetch@3.3.2"
        }
      },
      "ky@0.33.3": {
        "integrity": "sha512-CasD9OCEQSFIam2U8efFK81Yeg8vNMTBUqtMOHlrcWQHqUX3HeCl9Dr31u4toV7emlH8Mymk5+9p0lL6mKb/Xw==",
        "dependencies": {}
      },
      "lru-cache@6.0.0": {
        "integrity": "sha512-Jo6dJ04CmSjuznwJSS3pUeWmd/H0ffTlkXXgwZi+eq1UCmqQwCh+eLsYOYCwY991i2Fah4h1BEMCx4qThGbsiA==",
        "dependencies": {
          "yallist": "yallist@4.0.0"
        }
      },
      "memory-pager@1.5.0": {
        "integrity": "sha512-ZS4Bp4r/Zoeq6+NLJpP+0Zzm0pR8whtGPf1XExKLJBAczGMnSi3It14OiNCStjQjM6NU1okjQGSxgEZN8eBYKg==",
        "dependencies": {}
      },
      "mongodb-connection-string-url@2.6.0": {
        "integrity": "sha512-WvTZlI9ab0QYtTYnuMLgobULWhokRjtC7db9LtcVfJ+Hsnyr5eo6ZtNAt3Ly24XZScGMelOcGtm7lSn0332tPQ==",
        "dependencies": {
          "@types/whatwg-url": "@types/whatwg-url@8.2.2",
          "whatwg-url": "whatwg-url@11.0.0"
        }
      },
      "mongodb-connection-string-url@3.0.1": {
        "integrity": "sha512-XqMGwRX0Lgn05TDB4PyG2h2kKO/FfWJyCzYQbIhXUxz7ETt0I/FqHjUeqj37irJ+Dl1ZtU82uYyj14u2XsZKfg==",
        "dependencies": {
          "@types/whatwg-url": "@types/whatwg-url@11.0.5",
          "whatwg-url": "whatwg-url@13.0.0"
        }
      },
      "mongodb@6.1.0": {
        "integrity": "sha512-AvzNY0zMkpothZ5mJAaIo2bGDjlJQqqAbn9fvtVgwIIUPEfdrqGxqNjjbuKyrgQxg2EvCmfWdjq+4uj96c0YPw==",
        "dependencies": {
          "@mongodb-js/saslprep": "@mongodb-js/saslprep@1.1.7",
          "bson": "bson@6.7.0",
          "mongodb-connection-string-url": "mongodb-connection-string-url@2.6.0"
        }
      },
      "mongodb@6.7.0": {
        "integrity": "sha512-TMKyHdtMcO0fYBNORiYdmM25ijsHs+Njs963r4Tro4OQZzqYigAzYQouwWRg4OIaiLRUEGUh/1UAcH5lxdSLIA==",
        "dependencies": {
          "@mongodb-js/saslprep": "@mongodb-js/saslprep@1.1.7",
          "bson": "bson@6.7.0",
          "mongodb-connection-string-url": "mongodb-connection-string-url@3.0.1"
        }
      },
      "multibase@4.0.6": {
        "integrity": "sha512-x23pDe5+svdLz/k5JPGCVdfn7Q5mZVMBETiC+ORfO+sor9Sgs0smJzAjfTbM5tckeCqnaUuMYoz+k3RXMmJClQ==",
        "dependencies": {
          "@multiformats/base-x": "@multiformats/base-x@4.0.1"
        }
      },
      "multicodec@3.2.1": {
        "integrity": "sha512-+expTPftro8VAW8kfvcuNNNBgb9gPeNYV9dn+z1kJRWF2vih+/S79f2RVeIwmrJBUJ6NT9IUPWnZDQvegEh5pw==",
        "dependencies": {
          "uint8arrays": "uint8arrays@3.1.1",
          "varint": "varint@6.0.0"
        }
      },
      "multiformats@9.9.0": {
        "integrity": "sha512-HoMUjhH9T8DDBNT+6xzkrd9ga/XiBI4xLr58LJACwK6G3HTOPeMz4nB4KJs33L2BelrIJa7P0VuNaVF3hMYfjg==",
        "dependencies": {}
      },
      "node-domexception@1.0.0": {
        "integrity": "sha512-/jKZoMpw0F8GRwl4/eLROPA3cfcXtLApP0QzLmUT/HuPCZWyB7IY9ZrMeKw2O/nFIqPQB3PVM9aYm0F312AXDQ==",
        "dependencies": {}
      },
      "node-fetch@3.3.2": {
        "integrity": "sha512-dRB78srN/l6gqWulah9SrxeYnxeddIG30+GOqK/9OlLVyLg3HPnr6SqOWTWOXKRwC2eGYCkZ59NNuSgvSrpgOA==",
        "dependencies": {
          "data-uri-to-buffer": "data-uri-to-buffer@4.0.1",
          "fetch-blob": "fetch-blob@3.2.0",
          "formdata-polyfill": "formdata-polyfill@4.0.10"
        }
      },
      "pkijs@3.1.0": {
        "integrity": "sha512-N+OCWUp6xrg7OkG+4DIiZUOsp3qMztjq8RGCc1hSY92dsUG8cTlAo7pEkfRGjcdyBv2c1Y9bjAzqdTJAlctuNg==",
        "dependencies": {
          "asn1js": "asn1js@3.0.5",
          "bytestreamjs": "bytestreamjs@2.0.1",
          "pvtsutils": "pvtsutils@1.3.5",
          "pvutils": "pvutils@1.1.3",
          "tslib": "tslib@2.6.3"
        }
      },
      "punycode@2.3.1": {
        "integrity": "sha512-vYt7UD1U9Wg6138shLtLOvdAu+8DsC/ilFtEVHcH+wydcSpNE20AfSOduf6MkRFahL5FY7X1oU7nKVZFtfq8Fg==",
        "dependencies": {}
      },
      "pvtsutils@1.3.5": {
        "integrity": "sha512-ARvb14YB9Nm2Xi6nBq1ZX6dAM0FsJnuk+31aUp4TrcZEdKUlSqOqsxJHUPJDNE3qiIp+iUPEIeR6Je/tgV7zsA==",
        "dependencies": {
          "tslib": "tslib@2.6.3"
        }
      },
      "pvutils@1.1.3": {
        "integrity": "sha512-pMpnA0qRdFp32b1sJl1wOJNxZLQ2cbQx+k6tjNtZ8CpvVhNqEPRgivZ2WOUev2YMajecdH7ctUPDvEe87nariQ==",
        "dependencies": {}
      },
      "rdf-canonize@3.4.0": {
        "integrity": "sha512-fUeWjrkOO0t1rg7B2fdyDTvngj+9RlUyL92vOdiB7c0FPguWVsniIMjEtHH+meLBO9rzkUlUzBVXgWrjI8P9LA==",
        "dependencies": {
          "setimmediate": "setimmediate@1.0.5"
        }
      },
      "setimmediate@1.0.5": {
        "integrity": "sha512-MATJdZp8sLqDl/68LfQmbP8zKPLQNV6BIZoIgrscFDQ+RsvK/BxeDQOgyxKKoh0y/8h3BqVFnCqQ/gd+reiIXA==",
        "dependencies": {}
      },
      "sparse-bitfield@3.0.3": {
        "integrity": "sha512-kvzhi7vqKTfkh0PZU+2D2PIllw2ymqJKujUcyPMd9Y75Nv4nPbGJZXNhxsgdQab2BmlDct1YnfQCguEvHr7VsQ==",
        "dependencies": {
          "memory-pager": "memory-pager@1.5.0"
        }
      },
      "tr46@3.0.0": {
        "integrity": "sha512-l7FvfAHlcmulp8kr+flpQZmVwtu7nfRV7NZujtN0OqES8EL4O4e0qqzL0DC5gAvx/ZC/9lk6rhcUwYvkBnBnYA==",
        "dependencies": {
          "punycode": "punycode@2.3.1"
        }
      },
      "tr46@4.1.1": {
        "integrity": "sha512-2lv/66T7e5yNyhAAC4NaKe5nVavzuGJQVVtRYLyQ2OI8tsJ61PMLlelehb0wi2Hx6+hT/OJUWZcw8MjlSRnxvw==",
        "dependencies": {
          "punycode": "punycode@2.3.1"
        }
      },
      "tslib@2.6.3": {
        "integrity": "sha512-xNvxJEOUiWPGhUuUdQgAJPKOOJfGnIyKySOc09XkKsgdUV/3E2zvwZYdejjmRgPCgcym1juLH3226yA7sEFJKQ==",
        "dependencies": {}
      },
      "uint8arrays@3.1.1": {
        "integrity": "sha512-+QJa8QRnbdXVpHYjLoTpJIdCTiw9Ir62nocClWuXIq2JIh4Uta0cQsTSpFL678p2CN8B+XSApwcU+pQEqVpKWg==",
        "dependencies": {
          "multiformats": "multiformats@9.9.0"
        }
      },
      "undici@5.28.4": {
        "integrity": "sha512-72RFADWFqKmUb2hmmvNODKL3p9hcB6Gt2DOQMis1SEBaV6a4MH8soBvzg+95CYhCKPFedut2JY9bMfrDl9D23g==",
        "dependencies": {
          "@fastify/busboy": "@fastify/busboy@2.1.1"
        }
      },
      "uri-template-router@0.0.16": {
        "integrity": "sha512-kvIuR8BtfL/VXFCM5hA7kjfYBdxMKQMmjOOA2zPUR1Xy7K+aVF2cVWMDaQEa2O74WN7zMloyvvmYjNJ38fVUew==",
        "dependencies": {}
      },
      "url-template@3.1.1": {
        "integrity": "sha512-4oszoaEKE/mQOtAmdMWqIRHmkxWkUZMnXFnjQ5i01CuRSK3uluxcH1MRVVVWmhlnzT1SCDfKxxficm2G37qzCA==",
        "dependencies": {}
      },
      "urlpattern-polyfill@10.0.0": {
        "integrity": "sha512-H/A06tKD7sS1O1X2SshBVeA5FLycRpjqiBeqGKmBwBDBy28EnRjORxTNe269KSSr5un5qyWi1iL61wLxpd+ZOg==",
        "dependencies": {}
      },
      "varint@6.0.0": {
        "integrity": "sha512-cXEIW6cfr15lFv563k4GuVuW/fiwjknytD37jIOLSdSWuOI6WnO/oKwmP2FQTU2l01LP8/M5TSAJpzUaGe3uWg==",
        "dependencies": {}
      },
      "web-streams-polyfill@3.3.3": {
        "integrity": "sha512-d2JWLCivmZYTSIoge9MsgFCZrt571BikcWGYkjC1khllbTeDlGqZ2D8vD8E/lJa8WGWbb7Plm8/XJYV7IJHZZw==",
        "dependencies": {}
      },
      "webidl-conversions@7.0.0": {
        "integrity": "sha512-VwddBukDzu71offAQR975unBIGqfKZpM+8ZX6ySk8nYhVoo5CYaZyzt3YBvYtRtO+aoGlqxPg/B87NGVZ/fu6g==",
        "dependencies": {}
      },
      "whatwg-url@11.0.0": {
        "integrity": "sha512-RKT8HExMpoYx4igMiVMY83lN6UeITKJlBQ+vR/8ZJ8OCdSiN3RwCq+9gH0+Xzj0+5IrM6i4j/6LuvzbZIQgEcQ==",
        "dependencies": {
          "tr46": "tr46@3.0.0",
          "webidl-conversions": "webidl-conversions@7.0.0"
        }
      },
      "whatwg-url@13.0.0": {
        "integrity": "sha512-9WWbymnqj57+XEuqADHrCJ2eSXzn8WXIW/YSGaZtb2WKAInQ6CHfaUUcTyyver0p8BDg5StLQq8h1vtZuwmOig==",
        "dependencies": {
          "tr46": "tr46@4.1.1",
          "webidl-conversions": "webidl-conversions@7.0.0"
        }
      },
      "which@4.0.0": {
        "integrity": "sha512-GlaYyEb07DPxYCKhKzplCWBJtvxZcZMrL+4UkrTSJHHPyZU4mYYTv3qaOe77H7EODLSSopAUFAc6W8U4yqvscg==",
        "dependencies": {
          "isexe": "isexe@3.1.1"
        }
      },
      "yallist@4.0.0": {
        "integrity": "sha512-3wdGidZyq5PB084XLES5TpOSRA3wjXAlIWMhum2kRcv/41Sn2emQ0dycQW4uZXLejwKvg6EsvbdlVL+FYEct7A==",
        "dependencies": {}
      }
    }
  },
  "redirects": {
    "https://deno.land/std/dotenv/mod.ts": "https://deno.land/std@0.224.0/dotenv/mod.ts",
    "https://deno.land/x/dotenv/mod.ts": "https://deno.land/x/dotenv@v3.2.2/mod.ts"
  },
  "remote": {
    "https://deno.land/std@0.102.0/_util/assert.ts": "2f868145a042a11d5ad0a3c748dcf580add8a0dbc0e876eaa0026303a5488f58",
    "https://deno.land/std@0.102.0/async/deadline.ts": "58655f9e5ac7a396f015d42b0c7a1f19bc31c74ceefeaa394c9a2d87b76ecf37",
    "https://deno.land/std@0.102.0/async/debounce.ts": "b1478d4de0567a41b3d379850e34c152eea11886577d7177afae5485499336ad",
    "https://deno.land/std@0.102.0/async/deferred.ts": "624bef4b755b71394620508a0c234a93cb8020cbd1b04bfcdad41c174392cef6",
    "https://deno.land/std@0.102.0/async/delay.ts": "9de1d8d07d1927767ab7f82434b883f3d8294fb19cad819691a2ad81a728cf3d",
    "https://deno.land/std@0.102.0/async/mod.ts": "78425176fabea7bd1046ce3819fd69ce40da85c83e0f174d17e8e224a91f7d10",
    "https://deno.land/std@0.102.0/async/mux_async_iterator.ts": "62abff3af9ff619e8f2adc96fc70d4ca020fa48a50c23c13f12d02ed2b760dbe",
    "https://deno.land/std@0.102.0/async/pool.ts": "353ce4f91865da203a097aa6f33de8966340c91b6f4a055611c8c5d534afd12f",
    "https://deno.land/std@0.102.0/async/tee.ts": "6b8f1322b6dd2396202cfbe9cde9cab158d1e962cfd9197b0a97c6657bee79ce",
    "https://deno.land/std@0.102.0/bytes/bytes_list.ts": "a13287edb03f19d27ba4927dec6d6de3e5bd46254cd4aee6f7e5815810122673",
    "https://deno.land/std@0.102.0/bytes/mod.ts": "1ae1ccfe98c4b979f12b015982c7444f81fcb921bea7aa215bf37d84f46e1e13",
    "https://deno.land/std@0.102.0/fmt/colors.ts": "d2f8355f00a74404668fc5a1e4a92983ce1a9b0a6ac1d40efbd681cb8f519586",
    "https://deno.land/std@0.102.0/http/_io.ts": "61c8171a7bfb8baad7570e2122d093a0c65ed3f02af04dfd6117006f3a5bb4e5",
    "https://deno.land/std@0.102.0/http/http_status.ts": "ebaa9bebfb8adc3d7b20c49e11037e4eefd79629ad80d81383933f4cdc91b3eb",
    "https://deno.land/std@0.102.0/http/server.ts": "500dd450202da79df1142c804e0d8d507baffaf81808ec8337238efbd3bb6005",
    "https://deno.land/std@0.102.0/io/buffer.ts": "3ead6bb11276ebcf093c403f74f67fd2205a515dbbb9061862c468ca56f37cd8",
    "https://deno.land/std@0.102.0/io/bufio.ts": "6024117aa37f8d21a116654bd5ca5191d803f6492bbc744e3cee5054d0e900d1",
    "https://deno.land/std@0.102.0/io/util.ts": "2dc42adca801a8d2be9074cebd3be9b693667e07e0edb545fcab906b27514149",
    "https://deno.land/std@0.102.0/testing/_diff.ts": "5d3693155f561d1a5443ac751ac70aab9f5d67b4819a621d4b96b8a1a1c89620",
    "https://deno.land/std@0.102.0/testing/asserts.ts": "40740a6a16efd07e052cac8280a8c7c445a81131f00a2bd5d8c3e851dfa2ef90",
    "https://deno.land/std@0.102.0/textproto/mod.ts": "6e8430986393e3929720cec9c6668d75dee2ffd953886e842dc124c251cb86c8",
    "https://deno.land/std@0.154.0/_util/assert.ts": "e94f2eb37cebd7f199952e242c77654e43333c1ac4c5c700e929ea3aa5489f74",
    "https://deno.land/std@0.154.0/_wasm_crypto/lib/deno_std_wasm_crypto.generated.mjs": "dfcd6777d05345362c70f9f2c49abba3ed3f925fccfcf725abe2d16d51819433",
    "https://deno.land/std@0.154.0/_wasm_crypto/mod.ts": "6c60d332716147ded0eece0861780678d51b560f533b27db2e15c64a4ef83665",
    "https://deno.land/std@0.154.0/async/deferred.ts": "c01de44b9192359cebd3fe93273fcebf9e95110bf3360023917da9a2d1489fae",
    "https://deno.land/std@0.154.0/bytes/bytes_list.ts": "aba5e2369e77d426b10af1de0dcc4531acecec27f9b9056f4f7bfbf8ac147ab4",
    "https://deno.land/std@0.154.0/bytes/equals.ts": "3c3558c3ae85526f84510aa2b48ab2ad7bdd899e2e0f5b7a8ffc85acb3a6043a",
    "https://deno.land/std@0.154.0/bytes/mod.ts": "763f97d33051cc3f28af1a688dfe2830841192a9fea0cbaa55f927b49d49d0bf",
    "https://deno.land/std@0.154.0/crypto/_fnv/fnv32.ts": "aa9bddead8c6345087d3abd4ef35fb9655622afc333fc41fff382b36e64280b5",
    "https://deno.land/std@0.154.0/crypto/_fnv/fnv64.ts": "625d7e7505b6cb2e9801b5fd6ed0a89256bac12b2bbb3e4664b85a88b0ec5bef",
    "https://deno.land/std@0.154.0/crypto/_fnv/index.ts": "a8f6a361b4c6d54e5e89c16098f99b6962a1dd6ad1307dbc97fa1ecac5d7060a",
    "https://deno.land/std@0.154.0/crypto/_fnv/util.ts": "4848313bed7f00f55be3cb080aa0583fc007812ba965b03e4009665bde614ce3",
    "https://deno.land/std@0.154.0/crypto/keystack.ts": "e481eed28007395e554a435e880fee83a5c73b9259ed8a135a75e4b1e4f381f7",
    "https://deno.land/std@0.154.0/crypto/mod.ts": "0ef11f063cd0f9759485a3c9051e15125e1bde3b47c23b47e79b6e13cfcf9481",
    "https://deno.land/std@0.154.0/crypto/timing_safe_equal.ts": "82a29b737bc8932d75d7a20c404136089d5d23629e94ba14efa98a8cc066c73e",
    "https://deno.land/std@0.154.0/encoding/base64.ts": "c57868ca7fa2fbe919f57f88a623ad34e3d970d675bdc1ff3a9d02bba7409db2",
    "https://deno.land/std@0.154.0/encoding/base64url.ts": "a5f82a9fa703bd85a5eb8e7c1296bc6529e601ebd9642cc2b5eaa6b38fa9e05a",
    "https://deno.land/std@0.154.0/encoding/hex.ts": "4cc5324417cbb4ac9b828453d35aed45b9cc29506fad658f1f138d981ae33795",
    "https://deno.land/std@0.154.0/fmt/colors.ts": "ff7dc9c9f33a72bd48bc24b21bbc1b4545d8494a431f17894dbc5fe92a938fc4",
    "https://deno.land/std@0.154.0/io/buffer.ts": "fae02290f52301c4e0188670e730cd902f9307fb732d79c4aa14ebdc82497289",
    "https://deno.land/std@0.154.0/io/files.ts": "d199ef64e918a256320ba8d8d44ae91de87c9077df8f8d6cca013f1b9fbbe285",
    "https://deno.land/std@0.154.0/io/mod.ts": "33507cf2460ab67d0d90fb5749fa6fecb33897642b49d54a6bb1ac81e4768f69",
    "https://deno.land/std@0.154.0/io/readers.ts": "45847ad404afd2f605eae1cff193f223462bc55eeb9ae313c2f3db28aada0fd6",
    "https://deno.land/std@0.154.0/io/streams.ts": "988a19155b52161f0035ce539e2f1d12edbc4c389fa7633da832a64e6edbe1a0",
    "https://deno.land/std@0.154.0/io/util.ts": "078da53bba767bec0d45f7da44411f6dbf269e51ef7fcfea5e3714e04681c674",
    "https://deno.land/std@0.154.0/io/writers.ts": "2e1c63ffd0cfba411b1fd8374609abff9ea86187c9d4d885d42e6fc20325ef0e",
    "https://deno.land/std@0.154.0/streams/conversion.ts": "fc4eb76a14148c43f0b85e903a5a1526391aa40ed9434dc21e34f88304eb823e",
    "https://deno.land/std@0.154.0/testing/_diff.ts": "141f978a283defc367eeee3ff7b58aa8763cf7c8e0c585132eae614468e9d7b8",
    "https://deno.land/std@0.154.0/testing/_format.ts": "cd11136e1797791045e639e9f0f4640d5b4166148796cad37e6ef75f7d7f3832",
    "https://deno.land/std@0.154.0/testing/asserts.ts": "ac295f7fd22a7af107580e2475402a8c386cb1bf18bf837ae266ac0665786026",
    "https://deno.land/std@0.224.0/dotenv/mod.ts": "0180eaeedaaf88647318811cdaa418cc64dc51fb08354f91f5f480d0a1309f7d",
    "https://deno.land/std@0.224.0/dotenv/parse.ts": "09977ff88dfd1f24f9973a338f0f91bbdb9307eb5ff6085446e7c423e4c7ba0c",
    "https://deno.land/std@0.224.0/dotenv/stringify.ts": "275da322c409170160440836342eaa7cf012a1d11a7e700d8ca4e7f2f8aa4615",
    "https://deno.land/x/dotenv@v3.2.2/mod.ts": "077b48773de9205266a0b44c3c3a3c3083449ed64bb0b6cc461b95720678d38e",
    "https://deno.land/x/dotenv@v3.2.2/util.ts": "693730877b13f8ead2b79b2aa31e2a0652862f7dc0c5f6d2f313f4d39c7b7670",
    "https://deno.land/x/mongo@v0.31.1/deps.ts": "ba57aa94021d88959c6aac77edbbe85226e4a6836230dcdd891da63afcbf88c1",
    "https://deno.land/x/mongo@v0.31.1/mod.ts": "0989f34d08c40440b8786140abdaf863e964e23df5d1a80e661d3d4170d9d21e",
    "https://deno.land/x/mongo@v0.31.1/src/auth/base.ts": "7fe14cf0a63d6bbc4ba69a000a04b3b184d26842504d94652a6af2d0c9494944",
    "https://deno.land/x/mongo@v0.31.1/src/auth/mod.ts": "b161611bd5be9e9d1b4497227c8ea93ad4daadcd98038c9e5a707bc5da7a25ca",
    "https://deno.land/x/mongo@v0.31.1/src/auth/pbkdf2.ts": "1f1db192fd37869d118ab34780b64567ebcf0ad83a03ef28b3d740cae9adb47a",
    "https://deno.land/x/mongo@v0.31.1/src/auth/scram.ts": "187db02e94e7e5423ec902e87d6839028770dca57830dca7f154dcd22a959c0f",
    "https://deno.land/x/mongo@v0.31.1/src/auth/x509.ts": "a75b27c549707dd441434ae400a3e6a24da7fe7d4e0e80c9bb79dfc6426b651e",
    "https://deno.land/x/mongo@v0.31.1/src/client.ts": "368cac10b3df3bfbc2dfba468d1bbd1332c359a643e0bb81a13d7220a58b43ff",
    "https://deno.land/x/mongo@v0.31.1/src/cluster.ts": "cff69bf284a5c7fcaff231494f1ab56ca652e725e58622723e402fbb61448d0e",
    "https://deno.land/x/mongo@v0.31.1/src/collection/collection.ts": "b8227c276633d2e6425736d5f5c5d5411deed3bc7bf2fccf36e39d609d5b1cb5",
    "https://deno.land/x/mongo@v0.31.1/src/collection/commands/aggregate.ts": "440906a670adb46edb36fd95573ffa83f192775108b621520be992165910e895",
    "https://deno.land/x/mongo@v0.31.1/src/collection/commands/find.ts": "5c3b750d8c82ce08d865a381bc71f600406cbc4912c4aa689238755579fb71f8",
    "https://deno.land/x/mongo@v0.31.1/src/collection/commands/list_indexes.ts": "d32a5120305d0547497026b4f5ab2ecc2f40ff7f44c405b99c2a0287765333f5",
    "https://deno.land/x/mongo@v0.31.1/src/collection/commands/update.ts": "cf352108a5dd34f0928c2196a432383d366b8ed292676c71358b9ecf1289418d",
    "https://deno.land/x/mongo@v0.31.1/src/collection/mod.ts": "bd791a0b9b46be4365f88c54893584eadec2f8cd799db9eb05e0b5b4c8d72b8e",
    "https://deno.land/x/mongo@v0.31.1/src/database.ts": "6effe102726693d2ed6817973facfbc82ae2b1ac68efddbf54493df7e29e105c",
    "https://deno.land/x/mongo@v0.31.1/src/error.ts": "8180a822b0831a94a6a28815865b5b40e3996220684bea60fcb81b272ddd06eb",
    "https://deno.land/x/mongo@v0.31.1/src/gridfs/bucket.ts": "a4452d63f6928f57486a214a499b54b80b98cc0d13e3d85a6841b34d5ff12a61",
    "https://deno.land/x/mongo@v0.31.1/src/gridfs/indexes.ts": "c9747d8272c65399a6364e08071bd1b5ac9c10816329aa670d7b6b9e895ffb5a",
    "https://deno.land/x/mongo@v0.31.1/src/gridfs/upload.ts": "6a54a21b00c6f22ad0da6ceef7a2932dc600560f594c2551abd8e4a64976abae",
    "https://deno.land/x/mongo@v0.31.1/src/protocol/cursor.ts": "c370a28856fa236129cc2d7abf7ebc4ac6cdd60acb93e0e7371433f7332394cb",
    "https://deno.land/x/mongo@v0.31.1/src/protocol/handshake.ts": "3c3ba547d5322751b9756ce9a4750f3cf18febee0a64edca5b007634bd80e0fe",
    "https://deno.land/x/mongo@v0.31.1/src/protocol/header.ts": "0f28db842f886e57b7013606c1391affab2e2960a1a4568d2502e7b788117716",
    "https://deno.land/x/mongo@v0.31.1/src/protocol/message.ts": "b1121b98420c9a44783619c7a0b2f7bb2cb305dfc64adc3e6a9b7781f4d35a3a",
    "https://deno.land/x/mongo@v0.31.1/src/protocol/mod.ts": "4e24d563049c0a236234598ca786ca13778dc17fdb80ac543ac6c75d0c5094d7",
    "https://deno.land/x/mongo@v0.31.1/src/protocol/protocol.ts": "92568dd86e6ef3f54054113d9f5620f158fc1dfee2a7c9d13623975835d5996a",
    "https://deno.land/x/mongo@v0.31.1/src/types.ts": "aae7d0053341d26a802de9ac26a5209a67f53052bc2c13fae018396867590d4c",
    "https://deno.land/x/mongo@v0.31.1/src/types/geojson.ts": "14690e2fa1591939253ddc9de181b0664051e9462db131b72be5fb9d064dff44",
    "https://deno.land/x/mongo@v0.31.1/src/types/geospatial.ts": "c73ee13536365fa5d868b65ab47b3488a5f223a67e1e059761886f750db70ef9",
    "https://deno.land/x/mongo@v0.31.1/src/types/gridfs.ts": "e1fd12c3ca58d437267e7a8557d745d23b9d8916d1da34c1847e5e373728dfa0",
    "https://deno.land/x/mongo@v0.31.1/src/types/read_write_concern.ts": "d00f35eb85520e776741888685d08d479766a19e9a0a970b53f4594c9db00496",
    "https://deno.land/x/mongo@v0.31.1/src/utils/ns.ts": "fb0c57b8dc4d31f8993112d267dec3c163d3e8862198d1cd03b2b51bcc3caad9",
    "https://deno.land/x/mongo@v0.31.1/src/utils/saslprep/deps.ts": "95ceb81b353110526dacf2a98854bc79d6e17d7f173af8806e91c05555d7b8c7",
    "https://deno.land/x/mongo@v0.31.1/src/utils/saslprep/load_code_points.ts": "f6a4ef2eb2345eac40ffbf1a30661cca803f399865f2a0fadafb71f57d4c97bf",
    "https://deno.land/x/mongo@v0.31.1/src/utils/saslprep/memory_pager.ts": "f55a79a13ec569c21630c3915a9af0c6fc0aa2b899121fa2a85a813c6dd4afba",
    "https://deno.land/x/mongo@v0.31.1/src/utils/saslprep/mod.ts": "0a8a39a0784d065a79c54ce63d7d7b103d0b94addc5b7bcf985517ba2442c8a1",
    "https://deno.land/x/mongo@v0.31.1/src/utils/saslprep/sparse_bitfield.ts": "07d6fe2ecd4ba5f711c44c1ae409bb9c1fe3a3cfc09e27434d231d4aae46dd2d",
    "https://deno.land/x/mongo@v0.31.1/src/utils/srv.ts": "ed5f78ffe6480faac68291a87e51e3674eff5f28aec937ee97248e99e1317b16",
    "https://deno.land/x/mongo@v0.31.1/src/utils/uri.ts": "dcfab8e1dcfcc875c75ada1d9f366664480c03b65594990d6342ed88925452e5",
    "https://deno.land/x/web_bson@v0.2.5/deps.ts": "b113dd66321c328ae90b7cf8f0f6b37ea472f6f5a5a0553f0c7dfd89538d2748",
    "https://deno.land/x/web_bson@v0.2.5/mod.ts": "a2b58ed2e1748e6faa56fbe6caf0e1937f4e77de15376cad920aea655b17bcf3",
    "https://deno.land/x/web_bson@v0.2.5/src/binary.ts": "2bd89fca666d06b12e4da7ae2aae2b87e495666e002011ceef4fd3e228ea3018",
    "https://deno.land/x/web_bson@v0.2.5/src/bson.ts": "608b1b8e1b9a2abcb2d3b601b63e2731608a2ee0941e801a08c1328a37ff0751",
    "https://deno.land/x/web_bson@v0.2.5/src/code.ts": "ad713ab49d2c9028fa798630ccdf345a9a2fbaa468c9bd0c3df3f411c3679bd1",
    "https://deno.land/x/web_bson@v0.2.5/src/constants.ts": "906fb45165e2df04332ffeb6a407b39d257b76ad64667ecfe4848bfc64934a5e",
    "https://deno.land/x/web_bson@v0.2.5/src/db_ref.ts": "2b29a4b74fde79d25322f31f8b98a908270468fa84af7ebd72c1e45b436b9fe2",
    "https://deno.land/x/web_bson@v0.2.5/src/decimal128.ts": "f0377c29b255ec423d4b491675dfb83410d5e92a9fcca9bcd63bfd757489b05d",
    "https://deno.land/x/web_bson@v0.2.5/src/double.ts": "9df7baf7cdb2d8ef50a141a373c755cabebeb5a5da6c2f551e5377064ccf2aa9",
    "https://deno.land/x/web_bson@v0.2.5/src/error.ts": "d7aa0d57de5c6dc137402fc97219b6e136fc2dcddef90f031bdeb52181cc5275",
    "https://deno.land/x/web_bson@v0.2.5/src/extended_json.ts": "98f57fba581712e49060ed5d495c3d1b8be557dc61b11588ba79882faad4b289",
    "https://deno.land/x/web_bson@v0.2.5/src/float_parser.ts": "bffe91eae89d9d177a88d795981681ecf05850facfb92da93901576a268235cd",
    "https://deno.land/x/web_bson@v0.2.5/src/int_32.ts": "8ac60fd82c34b62645f60b2eb45238391a3e0994980dced75b31f97058cbb3b4",
    "https://deno.land/x/web_bson@v0.2.5/src/long.ts": "efffd2eb49afd7161452f8f3533d46aad78c9af6b07f6474c8c937a1b53c5d19",
    "https://deno.land/x/web_bson@v0.2.5/src/max_key.ts": "8016a701657be73fd4d3b80c746084ba18322bb39bdc4e78e35f0e2f21be2a70",
    "https://deno.land/x/web_bson@v0.2.5/src/min_key.ts": "19691f520868996bd2fc96bf26037badf6d32f8702c035e0d8531b549ef9854c",
    "https://deno.land/x/web_bson@v0.2.5/src/objectid.ts": "afc51f3bf9d566fa474c96a8ec0362951ff962a4b8c7ecde51e4537fe95be089",
    "https://deno.land/x/web_bson@v0.2.5/src/parser/calculate_size.ts": "ca1e81c793860c9200a3c6cfec220539524f81acca0d76738426bbf8ef857950",
    "https://deno.land/x/web_bson@v0.2.5/src/parser/deserializer.ts": "40d154d44f80250dfef0121c1c1a997220a38d08c0fc369247f573ef83649802",
    "https://deno.land/x/web_bson@v0.2.5/src/parser/serializer.ts": "fdea917596143694eda0059b0f72fdbe72ade0591c6ba4b4e8f82958ab35c37d",
    "https://deno.land/x/web_bson@v0.2.5/src/parser/utils.ts": "7bfe19aaf71164d8326f82c1e01dabe6140c18939f4bd8961380495a7c76f57f",
    "https://deno.land/x/web_bson@v0.2.5/src/regexp.ts": "1e287a7ada20a0a4b625bf3c191295db149bfefac6beb707fe52d0232c612265",
    "https://deno.land/x/web_bson@v0.2.5/src/symbol.ts": "b727698ed367d426b32f068c067ccd43a458347589715dd329b82caf10b9cf32",
    "https://deno.land/x/web_bson@v0.2.5/src/timestamp.ts": "49bba69e2a26cfea5870b69c739cbfce64814b21682ed3161105737f3d97ef66",
    "https://deno.land/x/web_bson@v0.2.5/src/uuid.ts": "c8c51a946dc8c1d6a15370d50de2247f4fbf69ce1c413ae29c8e211738ec0efc",
    "https://deno.land/x/web_bson@v0.2.5/src/uuid_utils.ts": "322cbea409a32cfdbffcae854b91bb30b80730741e032b98f5d6868ad63bc07d",
    "https://deno.land/x/web_bson@v0.2.5/src/validate_utf8.ts": "b7f4d723c379fb66aa84e148bb59f78f4e1c96847e28c38ee7f9f3bf35703ae4",
    "https://deno.land/x/web_bson@v0.2.5/utils.ts": "4c51c0be4bbb77c1e547eeef9b5aa53ffa611f628684875375103f627649ceb1"
  },
  "workspace": {
    "dependencies": [
      "jsr:@fedify/fedify@^0.10.0",
      "jsr:@logtape/logtape@^0.4.0"
    ]
  }
}
